
Microsoft Visual Studio Solution File, Format Version 12.00
# Visual Studio Version 16
VisualStudioVersion = 16.0.29418.71
MinimumVisualStudioVersion = 10.0.40219.1
Project("{FAE04EC0-301F-11D3-BF4B-00C04F79EFBC}") = "Task6_Practice", "Task6_Practice.csproj", "{AAFA647B-24D8-4738-94D4-92B7B188DFA8}"
EndProject
Global
	GlobalSection(SolutionConfigurationPlatforms) = preSolution
		Debug|Any CPU = Debug|Any CPU
		Release|Any CPU = Release|Any CPU
	EndGlobalSection
	GlobalSection(ProjectConfigurationPlatforms) = postSolution
		{AAFA647B-24D8-4738-94D4-92B7B188DFA8}.Debug|Any CPU.ActiveCfg = Debug|Any CPU
		{AAFA647B-24D8-4738-94D4-92B7B188DFA8}.Debug|Any CPU.Build.0 = Debug|Any CPU
		{AAFA647B-24D8-4738-94D4-92B7B188DFA8}.Release|Any CPU.ActiveCfg = Release|Any CPU
		{AAFA647B-24D8-4738-94D4-92B7B188DFA8}.Release|Any CPU.Build.0 = Release|Any CPU
	EndGlobalSection
	GlobalSection(SolutionProperties) = preSolution
		HideSolutionNode = FALSE
	EndGlobalSection
	GlobalSection(ExtensibilityGlobals) = postSolution
		SolutionGuid = {68A11B09-7A5E-4AD5-9058-F17992A96FA7}
	EndGlobalSection
EndGlobal
